# THIS IS AN AUTOGENERATED FILE. DO NOT EDIT THIS FILE DIRECTLY.
# yarn lockfile v1


"@types/eslint-visitor-keys@^1.0.0":
  version "1.0.0"
  resolved "https://registry.npmjs.org/@types/eslint-visitor-keys/-/eslint-visitor-keys-1.0.0.tgz#1ee30d79544ca84d68d4b3cdb0af4f205663dd2d"
  integrity sha512-OCutwjDZ4aFS6PB1UZ988C4YgwlBHJd6wCeQqaLdmadZ/7e+w79+hbMUFC1QXDNCmdyoRfAFdm0RypzwR+Qpag==

"@types/json-schema@^7.0.3":
  version "7.0.15"
  resolved "https://registry.npmjs.org/@types/json-schema/-/json-schema-7.0.15.tgz#596a1747233694d50f6ad8a7869fcb6f56cf5841"
  integrity sha512-5+fP8P8MFNC+AyZCDxrB2pkZFPGzqQWUzpSeuuVLvm8VMcorNYavBqoFcxK8bQz4Qsbn4oUEEem4wDLfcysGHA==

"@typescript-eslint/eslint-plugin@^1.13.0":
  version "1.13.0"
  resolved "https://registry.npmjs.org/@typescript-eslint/eslint-plugin/-/eslint-plugin-1.13.0.tgz#22fed9b16ddfeb402fd7bcde56307820f6ebc49f"
  integrity sha512-WQHCozMnuNADiqMtsNzp96FNox5sOVpU8Xt4meaT4em8lOG1SrOv92/mUbEHQVh90sldKSfcOc/I0FOb/14G1g==
  dependencies:
    "@typescript-eslint/experimental-utils" "1.13.0"
    eslint-utils "^1.3.1"
    functional-red-black-tree "^1.0.1"
    regexpp "^2.0.1"
    tsutils "^3.7.0"

"@typescript-eslint/experimental-utils@1.13.0":
  version "1.13.0"
  resolved "https://registry.npmjs.org/@typescript-eslint/experimental-utils/-/experimental-utils-1.13.0.tgz#b08c60d780c0067de2fb44b04b432f540138301e"
  integrity sha512-zmpS6SyqG4ZF64ffaJ6uah6tWWWgZ8m+c54XXgwFtUv0jNz8aJAVx8chMCvnk7yl6xwn8d+d96+tWp7fXzTuDg==
  dependencies:
    "@types/json-schema" "^7.0.3"
    "@typescript-eslint/typescript-estree" "1.13.0"
    eslint-scope "^4.0.0"

"@typescript-eslint/parser@^1.13.0":
  version "1.13.0"
  resolved "https://registry.npmjs.org/@typescript-eslint/parser/-/parser-1.13.0.tgz#61ac7811ea52791c47dc9fd4dd4a184fae9ac355"
  integrity sha512-ITMBs52PCPgLb2nGPoeT4iU3HdQZHcPaZVw+7CsFagRJHUhyeTgorEwHXhFf3e7Evzi8oujKNpHc8TONth8AdQ==
  dependencies:
    "@types/eslint-visitor-keys" "^1.0.0"
    "@typescript-eslint/experimental-utils" "1.13.0"
    "@typescript-eslint/typescript-estree" "1.13.0"
    eslint-visitor-keys "^1.0.0"

"@typescript-eslint/typescript-estree@1.13.0":
  version "1.13.0"
  resolved "https://registry.npmjs.org/@typescript-eslint/typescript-estree/-/typescript-estree-1.13.0.tgz#8140f17d0f60c03619798f1d628b8434913dc32e"
  integrity sha512-b5rCmd2e6DCC6tCTN9GSUAuxdYwCM/k/2wdjHGrIRGPSJotWMCe/dGpi66u42bhuh8q3QBzqM4TMA1GUUCJvdw==
  dependencies:
    lodash.unescape "4.0.1"
    semver "5.5.0"

eslint-config-prettier@^6.1.0:
  version "6.15.0"
  resolved "https://registry.npmjs.org/eslint-config-prettier/-/eslint-config-prettier-6.15.0.tgz#7f93f6cb7d45a92f1537a70ecc06366e1ac6fed9"
  integrity sha512-a1+kOYLR8wMGustcgAjdydMsQ2A/2ipRPwRKUmfYaSxc9ZPcrku080Ctl6zrZzZNs/U82MjSv+qKREkoq3bJaw==
  dependencies:
    get-stdin "^6.0.0"

eslint-plugin-prettier@^3.1.0:
  version "3.4.1"
  resolved "https://registry.npmjs.org/eslint-plugin-prettier/-/eslint-plugin-prettier-3.4.1.tgz#e9ddb200efb6f3d05ffe83b1665a716af4a387e5"
  integrity sha512-htg25EUYUeIhKHXjOinK4BgCcDwtLHjqaxCDsMy5nbnUMkKFvIhMVCp+5GFUXQ4Nr8lBsPqtGAqBenbpFqAA2g==
  dependencies:
    prettier-linter-helpers "^1.0.0"

eslint-scope@^4.0.0:
  version "4.0.3"
  resolved "https://registry.npmjs.org/eslint-scope/-/eslint-scope-4.0.3.tgz#ca03833310f6889a3264781aa82e63eb9cfe7848"
  integrity sha512-p7VutNr1O/QrxysMo3E45FjYDTeXBy0iTltPFNSqKAIfjDSXC+4dj+qfyuD8bfAXrW/y6lW3O76VaYNPKfpKrg==
  dependencies:
    esrecurse "^4.1.0"
    estraverse "^4.1.1"

eslint-utils@^1.3.1:
  version "1.4.3"
  resolved "https://registry.npmjs.org/eslint-utils/-/eslint-utils-1.4.3.tgz#74fec7c54d0776b6f67e0251040b5806564e981f"
  integrity sha512-fbBN5W2xdY45KulGXmLHZ3c3FHfVYmKg0IrAKGOkT/464PQsx2UeIzfz1RmEci+KLm1bBaAzZAh8+/E+XAeZ8Q==
  dependencies:
    eslint-visitor-keys "^1.1.0"

eslint-visitor-keys@^1.0.0, eslint-visitor-keys@^1.1.0:
  version "1.3.0"
  resolved "https://registry.npmjs.org/eslint-visitor-keys/-/eslint-visitor-keys-1.3.0.tgz#30ebd1ef7c2fdff01c3a4f151044af25fab0523e"
  integrity sha512-6J72N8UNa462wa/KFODt/PJ3IU60SDpC3QXC1Hjc1BXXpfL2C9R5+AU7jhe0F6GREqVMh4Juu+NY7xn+6dipUQ==

esrecurse@^4.1.0:
  version "4.3.0"
  resolved "https://registry.npmjs.org/esrecurse/-/esrecurse-4.3.0.tgz#7ad7964d679abb28bee72cec63758b1c5d2c9921"
  integrity sha512-KmfKL3b6G+RXvP8N1vr3Tq1kL/oCFgn2NYXEtqP8/L3pKapUA4G8cFVaoF3SU323CD4XypR/ffioHmkti6/Tag==
  dependencies:
    estraverse "^5.2.0"

estraverse@^4.1.1:
  version "4.3.0"
  resolved "https://registry.npmjs.org/estraverse/-/estraverse-4.3.0.tgz#398ad3f3c5a24948be7725e83d11a7de28cdbd1d"
  integrity sha512-39nnKffWz8xN1BU/2c79n9nB9HDzo0niYUqx6xyqUnyoAnQyyWpOTdZEeiCch8BBu515t4wp9ZmgVfVhn9EBpw==

estraverse@^5.2.0:
  version "5.3.0"
  resolved "https://registry.npmjs.org/estraverse/-/estraverse-5.3.0.tgz#2eea5290702f26ab8fe5370370ff86c965d21123"
  integrity sha512-MMdARuVEQziNTeJD8DgMqmhwR11BRQ/cBP+pLtYdSTnf3MIO8fFeiINEbX36ZdNlfU/7A9f3gUw49B3oQsvwBA==

fast-diff@^1.1.2:
  version "1.3.0"
  resolved "https://registry.npmjs.org/fast-diff/-/fast-diff-1.3.0.tgz#ece407fa550a64d638536cd727e129c61616e0f0"
  integrity sha512-VxPP4NqbUjj6MaAOafWeUn2cXWLcCtljklUtZf0Ind4XQ+QPtmA0b18zZy0jIQx+ExRVCR/ZQpBmik5lXshNsw==

functional-red-black-tree@^1.0.1:
  version "1.0.1"
  resolved "https://registry.npmjs.org/functional-red-black-tree/-/functional-red-black-tree-1.0.1.tgz#1b0ab3bd553b2a0d6399d29c0e3ea0b252078327"
  integrity sha512-dsKNQNdj6xA3T+QlADDA7mOSlX0qiMINjn0cgr+eGHGsbSHzTabcIogz2+p/iqP1Xs6EP/sS2SbqH+brGTbq0g==

get-stdin@^6.0.0:
  version "6.0.0"
  resolved "https://registry.npmjs.org/get-stdin/-/get-stdin-6.0.0.tgz#9e09bf712b360ab9225e812048f71fde9c89657b"
  integrity sha512-jp4tHawyV7+fkkSKyvjuLZswblUtz+SQKzSWnBbii16BuZksJlU1wuBYXY75r+duh/llF1ur6oNwi+2ZzjKZ7g==

lodash.unescape@4.0.1:
  version "4.0.1"
  resolved "https://registry.npmjs.org/lodash.unescape/-/lodash.unescape-4.0.1.tgz#bf2249886ce514cda112fae9218cdc065211fc9c"
  integrity sha512-DhhGRshNS1aX6s5YdBE3njCCouPgnG29ebyHvImlZzXZf2SHgt+J08DHgytTPnpywNbO1Y8mNUFyQuIDBq2JZg==

prettier-linter-helpers@^1.0.0:
  version "1.0.0"
  resolved "https://registry.npmjs.org/prettier-linter-helpers/-/prettier-linter-helpers-1.0.0.tgz#d23d41fe1375646de2d0104d3454a3008802cf7b"
  integrity sha512-GbK2cP9nraSSUF9N2XwUwqfzlAFlMNYYl+ShE/V+H8a9uNl/oUqB1w2EL54Jh0OlyRSd8RfWYJ3coVS4TROP2w==
  dependencies:
    fast-diff "^1.1.2"

prettier@^2.2.1:
  version "2.8.8"
  resolved "https://registry.npmjs.org/prettier/-/prettier-2.8.8.tgz#e8c5d7e98a4305ffe3de2e1fc4aca1a71c28b1da"
  integrity sha512-tdN8qQGvNjw4CHbY+XXk0JgCXn9QiF21a55rBe5LJAU+kDyC4WQn4+awm2Xfk2lQMk5fKup9XgzTZtGkjBdP9Q==

regexpp@^2.0.1:
  version "2.0.1"
  resolved "https://registry.npmjs.org/regexpp/-/regexpp-2.0.1.tgz#8d19d31cf632482b589049f8281f93dbcba4d07f"
  integrity sha512-lv0M6+TkDVniA3aD1Eg0DVpfU/booSu7Eev3TDO/mZKHBfVjgCGTV4t4buppESEYDtkArYFOxTJWv6S5C+iaNw==

semver@5.5.0:
  version "5.5.0"
  resolved "https://registry.npmjs.org/semver/-/semver-5.5.0.tgz#dc4bbc7a6ca9d916dee5d43516f0092b58f7b8ab"
  integrity sha512-4SJ3dm0WAwWy/NVeioZh5AntkdJoWKxHxcmyP622fOkgHa4z3R0TdBJICINyaSDE6uNwVc8gZr+ZinwZAH4xIA==

tslib@^1.8.1:
  version "1.14.1"
  resolved "https://registry.npmjs.org/tslib/-/tslib-1.14.1.tgz#cf2d38bdc34a134bcaf1091c41f6619e2f672d00"
  integrity sha512-Xni35NKzjgMrwevysHTCArtLDpPvye8zV/0E4EyYn43P7/7qvQwPh9BGkHewbMulVntbigmcT7rdX3BNo9wRJg==

tsutils@^3.7.0:
  version "3.21.0"
  resolved "https://registry.npmjs.org/tsutils/-/tsutils-3.21.0.tgz#b48717d394cea6c1e096983eed58e9d61715b623"
  integrity sha512-mHKK3iUXL+3UF6xL5k0PEhKRUBKPBCv/+RkEOpjRWxxx27KKRBmmA60A9pgOUvMi8GKhRMPEmjBRPzs2W7O1OA==
  dependencies:
    tslib "^1.8.1"

typescript@^4.0.5:
  version "4.9.5"
  resolved "https://registry.npmjs.org/typescript/-/typescript-4.9.5.tgz#095979f9bcc0d09da324d58d03ce8f8374cbe65a"
  integrity sha512-1FXk9E2Hm+QzZQ7z+McJiHL4NW1F2EzMu9Nq9i3zAaGqibafqYwCVU6WyWAuyQRRzOlxou8xZSyXLEN8oKj24g==
